<?xml version="1.0" encoding="utf-8"?>
<Project ToolsVersion="4.0" xmlns="http://schemas.microsoft.com/developer/msbuild/2003">
  <ItemGroup>
    <Filter Include="c48">
      <UniqueIdentifier>{8dd43c2c-6277-47f9-acc9-6ca6bb920a04}</UniqueIdentifier>
    </Filter>
    <Filter Include="core">
      <UniqueIdentifier>{761ce332-a737-4420-b3cc-d4c30c298519}</UniqueIdentifier>
    </Filter>
    <Filter Include="evaluation">
      <UniqueIdentifier>{40ba13b3-1b78-47d0-bc15-7df2bab41ab7}</UniqueIdentifier>
    </Filter>
  </ItemGroup>
  <ItemGroup>
    <ClCompile Include="core\Attribute.cpp">
      <Filter>core</Filter>
    </ClCompile>
    <ClCompile Include="core\AttributeMetaInfo.cpp">
      <Filter>core</Filter>
    </ClCompile>
    <ClCompile Include="core\AttributeStats.cpp">
      <Filter>core</Filter>
    </ClCompile>
    <ClCompile Include="core\DataSource.cpp">
      <Filter>core</Filter>
    </ClCompile>
    <ClCompile Include="core\DenseInstance.cpp">
      <Filter>core</Filter>
    </ClCompile>
    <ClCompile Include="core\Instances.cpp">
      <Filter>core</Filter>
    </ClCompile>
    <ClCompile Include="core\NominalAttributeInfo.cpp">
      <Filter>core</Filter>
    </ClCompile>
    <ClCompile Include="core\statistics.cpp">
      <Filter>core</Filter>
    </ClCompile>
    <ClCompile Include="core\Utils.cpp">
      <Filter>core</Filter>
    </ClCompile>
    <ClCompile Include="evaluation\ConfusionMatrix.cpp">
      <Filter>evaluation</Filter>
    </ClCompile>
    <ClCompile Include="evaluation\Evaluation.cpp">
      <Filter>evaluation</Filter>
    </ClCompile>
    <ClCompile Include="evaluation\NominalPrediction.cpp">
      <Filter>evaluation</Filter>
    </ClCompile>
    <ClCompile Include="evaluation\NumericPrediction.cpp">
      <Filter>evaluation</Filter>
    </ClCompile>
    <ClCompile Include="c48\AbstractClassifier.cpp">
      <Filter>c48</Filter>
    </ClCompile>
    <ClCompile Include="c48\C45ModelSelection.cpp">
      <Filter>c48</Filter>
    </ClCompile>
    <ClCompile Include="c48\C45PruneableClassifierTree.cpp">
      <Filter>c48</Filter>
    </ClCompile>
    <ClCompile Include="c48\C45Split.cpp">
      <Filter>c48</Filter>
    </ClCompile>
    <ClCompile Include="c48\C48.cpp">
      <Filter>c48</Filter>
    </ClCompile>
    <ClCompile Include="c48\ClassifierSplitModel.cpp">
      <Filter>c48</Filter>
    </ClCompile>
    <ClCompile Include="c48\ClassifierTree.cpp">
      <Filter>c48</Filter>
    </ClCompile>
    <ClCompile Include="c48\Distribution.cpp">
      <Filter>c48</Filter>
    </ClCompile>
    <ClCompile Include="c48\EntropyBasedSplitCrit.cpp">
      <Filter>c48</Filter>
    </ClCompile>
    <ClCompile Include="c48\EntropySplitCrit.cpp">
      <Filter>c48</Filter>
    </ClCompile>
    <ClCompile Include="c48\GainRatioSplitCrit.cpp">
      <Filter>c48</Filter>
    </ClCompile>
    <ClCompile Include="c48\InfoGainSplitCrit.cpp">
      <Filter>c48</Filter>
    </ClCompile>
    <ClCompile Include="c48\ModelSelection.cpp">
      <Filter>c48</Filter>
    </ClCompile>
    <ClCompile Include="c48\NoSplit.cpp">
      <Filter>c48</Filter>
    </ClCompile>
    <ClCompile Include="c48\PruneableClassifierTree.cpp">
      <Filter>c48</Filter>
    </ClCompile>
    <ClCompile Include="c48\SplitCriterion.cpp">
      <Filter>c48</Filter>
    </ClCompile>
    <ClCompile Include="c48\Stats.cpp">
      <Filter>c48</Filter>
    </ClCompile>
    <ClCompile Include="main.cpp" />
    <ClCompile Include="core\ContingencyTables.cpp">
      <Filter>core</Filter>
    </ClCompile>
  </ItemGroup>
  <ItemGroup>
    <ClInclude Include="core\Attribute.h">
      <Filter>core</Filter>
    </ClInclude>
    <ClInclude Include="core\AttributeInfo.h">
      <Filter>core</Filter>
    </ClInclude>
    <ClInclude Include="core\AttributeMetaInfo.h">
      <Filter>core</Filter>
    </ClInclude>
    <ClInclude Include="core\AttributeStats.h">
      <Filter>core</Filter>
    </ClInclude>
    <ClInclude Include="core\Consts.h">
      <Filter>core</Filter>
    </ClInclude>
    <ClInclude Include="core\DataSource.h">
      <Filter>core</Filter>
    </ClInclude>
    <ClInclude Include="core\DenseInstance.h">
      <Filter>core</Filter>
    </ClInclude>
    <ClInclude Include="core\Instance.h">
      <Filter>core</Filter>
    </ClInclude>
    <ClInclude Include="core\Instances.h">
      <Filter>core</Filter>
    </ClInclude>
    <ClInclude Include="core\NominalAttributeInfo.h">
      <Filter>core</Filter>
    </ClInclude>
    <ClInclude Include="core\statistics.h">
      <Filter>core</Filter>
    </ClInclude>
    <ClInclude Include="core\Utils.h">
      <Filter>core</Filter>
    </ClInclude>
    <ClInclude Include="evaluation\BatchPredictor.h">
      <Filter>evaluation</Filter>
    </ClInclude>
    <ClInclude Include="evaluation\ConfusionMatrix.h">
      <Filter>evaluation</Filter>
    </ClInclude>
    <ClInclude Include="evaluation\Evaluation.h">
      <Filter>evaluation</Filter>
    </ClInclude>
    <ClInclude Include="evaluation\NominalPrediction.h">
      <Filter>evaluation</Filter>
    </ClInclude>
    <ClInclude Include="evaluation\NumericPrediction.h">
      <Filter>evaluation</Filter>
    </ClInclude>
    <ClInclude Include="evaluation\Prediction.h">
      <Filter>evaluation</Filter>
    </ClInclude>
    <ClInclude Include="c48\AbstractClassifier.h">
      <Filter>c48</Filter>
    </ClInclude>
    <ClInclude Include="c48\C45ModelSelection.h">
      <Filter>c48</Filter>
    </ClInclude>
    <ClInclude Include="c48\C45PruneableClassifierTree.h">
      <Filter>c48</Filter>
    </ClInclude>
    <ClInclude Include="c48\C45Split.h">
      <Filter>c48</Filter>
    </ClInclude>
    <ClInclude Include="c48\C48.h">
      <Filter>c48</Filter>
    </ClInclude>
    <ClInclude Include="c48\Classifier.h">
      <Filter>c48</Filter>
    </ClInclude>
    <ClInclude Include="c48\ClassifierSplitModel.h">
      <Filter>c48</Filter>
    </ClInclude>
    <ClInclude Include="c48\ClassifierTree.h">
      <Filter>c48</Filter>
    </ClInclude>
    <ClInclude Include="c48\Distribution.h">
      <Filter>c48</Filter>
    </ClInclude>
    <ClInclude Include="c48\EntropyBasedSplitCrit.h">
      <Filter>c48</Filter>
    </ClInclude>
    <ClInclude Include="c48\EntropySplitCrit.h">
      <Filter>c48</Filter>
    </ClInclude>
    <ClInclude Include="c48\GainRatioSplitCrit.h">
      <Filter>c48</Filter>
    </ClInclude>
    <ClInclude Include="c48\InfoGainSplitCrit.h">
      <Filter>c48</Filter>
    </ClInclude>
    <ClInclude Include="c48\ModelSelection.h">
      <Filter>c48</Filter>
    </ClInclude>
    <ClInclude Include="c48\NoSplit.h">
      <Filter>c48</Filter>
    </ClInclude>
    <ClInclude Include="c48\PruneableClassifierTree.h">
      <Filter>c48</Filter>
    </ClInclude>
    <ClInclude Include="c48\SplitCriterion.h">
      <Filter>c48</Filter>
    </ClInclude>
    <ClInclude Include="c48\Stats.h">
      <Filter>c48</Filter>
    </ClInclude>
    <ClInclude Include="core\Typedefs.h">
      <Filter>core</Filter>
    </ClInclude>
    <ClInclude Include="core\ContingencyTables.h">
      <Filter>core</Filter>
    </ClInclude>
  </ItemGroup>
</Project>