<?xml version="1.0" encoding="utf-8"?>
<Project ToolsVersion="4.0" xmlns="http://schemas.microsoft.com/developer/msbuild/2003">
  <ItemGroup>
    <Filter Include="src">
      <UniqueIdentifier>{4FC737F1-C7A5-4376-A066-2A32D752A2FF}</UniqueIdentifier>
      <Extensions>cpp;c;cc;cxx;def;odl;idl;hpj;bat;asm;asmx</Extensions>
    </Filter>
  </ItemGroup>
  <ItemGroup>
    <ClInclude Include="BatchPredictor.h">
      <Filter>src</Filter>
    </ClInclude>
    <ClInclude Include="Evaluation.h">
      <Filter>src</Filter>
    </ClInclude>
    <ClInclude Include="NominalPrediction.h">
      <Filter>src</Filter>
    </ClInclude>
    <ClInclude Include="NumericPrediction.h">
      <Filter>src</Filter>
    </ClInclude>
    <ClInclude Include="Prediction.h">
      <Filter>src</Filter>
    </ClInclude>
    <ClInclude Include="CostMatrix.h">
      <Filter>src</Filter>
    </ClInclude>
    <ClInclude Include="IncrementalEstimator.h">
      <Filter>src</Filter>
    </ClInclude>
    <ClInclude Include="Estimator.h">
      <Filter>src</Filter>
    </ClInclude>
    <ClInclude Include="KernelEstimator.h">
      <Filter>src</Filter>
    </ClInclude>
    <ClInclude Include="EstimatorUtils.h">
      <Filter>src</Filter>
    </ClInclude>
    <ClInclude Include="ThresholdCurve.h">
      <Filter>src</Filter>
    </ClInclude>
    <ClInclude Include="TwoClassStats.h">
      <Filter>src</Filter>
    </ClInclude>
    <ClInclude Include="ConfusionMatrix.h">
      <Filter>src</Filter>
    </ClInclude>
  </ItemGroup>
  <ItemGroup>
    <ClCompile Include="Evaluation.cpp">
      <Filter>src</Filter>
    </ClCompile>
    <ClCompile Include="NominalPrediction.cpp">
      <Filter>src</Filter>
    </ClCompile>
    <ClCompile Include="NumericPrediction.cpp">
      <Filter>src</Filter>
    </ClCompile>
    <ClCompile Include="Prediction.cpp">
      <Filter>src</Filter>
    </ClCompile>
    <ClCompile Include="CostMatrix.cpp">
      <Filter>src</Filter>
    </ClCompile>
    <ClCompile Include="Estimator.cpp">
      <Filter>src</Filter>
    </ClCompile>
    <ClCompile Include="KernelEstimator.cpp">
      <Filter>src</Filter>
    </ClCompile>
    <ClCompile Include="EstimatorUtils.cpp">
      <Filter>src</Filter>
    </ClCompile>
    <ClCompile Include="ThresholdCurve.cpp">
      <Filter>src</Filter>
    </ClCompile>
    <ClCompile Include="TwoClassStats.cpp">
      <Filter>src</Filter>
    </ClCompile>
    <ClCompile Include="ConfusionMatrix.cpp">
      <Filter>src</Filter>
    </ClCompile>
  </ItemGroup>
</Project>
